{
  "name": "scripts",
  "version": "1.0.0",
  "lockfileVersion": 1,
  "requires": true,
  "dependencies": {
    "@octoherd/octokit": {
      "version": "2.2.0",
      "resolved": "https://registry.npmjs.org/@octoherd/octokit/-/octokit-2.2.0.tgz",
      "integrity": "sha512-O+ZhjLYl4I/PGOq44fuOwxTqR6AJc6TS++blh1ByoyDKRyN8c8OAL9Sj4Hvf54deBunNQsqX4EiWiAbSknJhmA==",
      "dev": true,
      "requires": {
        "@octokit/core": "^3.2.5",
        "@octokit/plugin-paginate-rest": "^2.9.1",
        "@octokit/plugin-retry": "^3.0.7",
        "@octokit/plugin-throttling": "^3.4.1",
        "quick-format-unescaped": "^4.0.1"
      }
    },
    "@octokit/auth-token": {
      "version": "2.4.5",
      "resolved": "https://registry.npmjs.org/@octokit/auth-token/-/auth-token-2.4.5.tgz",
      "integrity": "sha512-BpGYsPgJt05M7/L/5FoE1PiAbdxXFZkX/3kDYcsvd1v6UhlnE5e96dTDr0ezX/EFwciQxf3cNV0loipsURU+WA==",
      "dev": true,
      "requires": {
        "@octokit/types": "^6.0.3"
      }
    },
    "@octokit/core": {
      "version": "3.2.5",
      "resolved": "https://registry.npmjs.org/@octokit/core/-/core-3.2.5.tgz",
      "integrity": "sha512-+DCtPykGnvXKWWQI0E1XD+CCeWSBhB6kwItXqfFmNBlIlhczuDPbg+P6BtLnVBaRJDAjv+1mrUJuRsFSjktopg==",
      "dev": true,
      "requires": {
        "@octokit/auth-token": "^2.4.4",
        "@octokit/graphql": "^4.5.8",
        "@octokit/request": "^5.4.12",
        "@octokit/types": "^6.0.3",
        "before-after-hook": "^2.1.0",
        "universal-user-agent": "^6.0.0"
      }
    },
    "@octokit/endpoint": {
      "version": "6.0.11",
      "resolved": "https://registry.npmjs.org/@octokit/endpoint/-/endpoint-6.0.11.tgz",
      "integrity": "sha512-fUIPpx+pZyoLW4GCs3yMnlj2LfoXTWDUVPTC4V3MUEKZm48W+XYpeWSZCv+vYF1ZABUm2CqnDVf1sFtIYrj7KQ==",
      "dev": true,
      "requires": {
        "@octokit/types": "^6.0.3",
        "is-plain-object": "^5.0.0",
        "universal-user-agent": "^6.0.0"
      }
    },
    "@octokit/graphql": {
      "version": "4.6.0",
      "resolved": "https://registry.npmjs.org/@octokit/graphql/-/graphql-4.6.0.tgz",
      "integrity": "sha512-CJ6n7izLFXLvPZaWzCQDjU/RP+vHiZmWdOunaCS87v+2jxMsW9FB5ktfIxybRBxZjxuJGRnxk7xJecWTVxFUYQ==",
      "dev": true,
      "requires": {
        "@octokit/request": "^5.3.0",
        "@octokit/types": "^6.0.3",
        "universal-user-agent": "^6.0.0"
      }
    },
    "@octokit/openapi-types": {
      "version": "2.0.0",
      "resolved": "https://registry.npmjs.org/@octokit/openapi-types/-/openapi-types-2.0.0.tgz",
      "integrity": "sha512-J4bfM7lf8oZvEAdpS71oTvC1ofKxfEZgU5vKVwzZKi4QPiL82udjpseJwxPid9Pu2FNmyRQOX4iEj6W1iOSnPw==",
      "dev": true
    },
    "@octokit/plugin-paginate-rest": {
      "version": "2.10.0",
      "resolved": "https://registry.npmjs.org/@octokit/plugin-paginate-rest/-/plugin-paginate-rest-2.10.0.tgz",
      "integrity": "sha512-71OsKBSMcQEu/6lfVbhv5C5ikU1rn10rKot/WiV7do7fyfElQ2eCUQFogHPbj0ci5lnKAjvahOiMAr6lcvL8Qw==",
      "dev": true,
      "requires": {
        "@octokit/types": "^6.10.0"
      }
    },
    "@octokit/plugin-retry": {
      "version": "3.0.7",
      "resolved": "https://registry.npmjs.org/@octokit/plugin-retry/-/plugin-retry-3.0.7.tgz",
      "integrity": "sha512-n08BPfVeKj5wnyH7IaOWnuKbx+e9rSJkhDHMJWXLPv61625uWjsN8G7sAW3zWm9n9vnS4friE7LL/XLcyGeG8Q==",
      "dev": true,
      "requires": {
        "@octokit/types": "^6.0.3",
        "bottleneck": "^2.15.3"
      }
    },
    "@octokit/plugin-throttling": {
      "version": "3.4.1",
      "resolved": "https://registry.npmjs.org/@octokit/plugin-throttling/-/plugin-throttling-3.4.1.tgz",
      "integrity": "sha512-qCQ+Z4AnL9OrXvV59EH3GzPxsB+WyqufoCjiCJXJxTbnt3W+leXbXw5vHrMp4NG9ltw00McFWIxIxNQAzLNoTA==",
      "dev": true,
      "requires": {
        "@octokit/types": "^6.0.1",
        "bottleneck": "^2.15.3"
      }
    },
    "@octokit/request": {
      "version": "5.4.14",
      "resolved": "https://registry.npmjs.org/@octokit/request/-/request-5.4.14.tgz",
      "integrity": "sha512-VkmtacOIQp9daSnBmDI92xNIeLuSRDOIuplp/CJomkvzt7M18NXgG044Cx/LFKLgjKt9T2tZR6AtJayba9GTSA==",
      "dev": true,
      "requires": {
        "@octokit/endpoint": "^6.0.1",
        "@octokit/request-error": "^2.0.0",
        "@octokit/types": "^6.7.1",
        "deprecation": "^2.0.0",
        "is-plain-object": "^5.0.0",
        "node-fetch": "^2.6.1",
        "once": "^1.4.0",
        "universal-user-agent": "^6.0.0"
      }
    },
    "@octokit/request-error": {
      "version": "2.0.5",
      "resolved": "https://registry.npmjs.org/@octokit/request-error/-/request-error-2.0.5.tgz",
      "integrity": "sha512-T/2wcCFyM7SkXzNoyVNWjyVlUwBvW3igM3Btr/eKYiPmucXTtkxt2RBsf6gn3LTzaLSLTQtNmvg+dGsOxQrjZg==",
      "dev": true,
      "requires": {
        "@octokit/types": "^6.0.3",
        "deprecation": "^2.0.0",
        "once": "^1.4.0"
      }
    },
    "@octokit/types": {
      "version": "6.10.1",
      "resolved": "https://registry.npmjs.org/@octokit/types/-/types-6.10.1.tgz",
      "integrity": "sha512-hgNC5jxKG8/RlqxU/6GThkGrvFpz25+cPzjQjyiXTNBvhyltn2Z4GhFY25+kbtXwZ4Co4zM0goW5jak1KLp1ug==",
      "dev": true,
      "requires": {
        "@octokit/openapi-types": "^5.1.0"
      },
      "dependencies": {
        "@octokit/openapi-types": {
          "version": "5.1.1",
          "resolved": "https://registry.npmjs.org/@octokit/openapi-types/-/openapi-types-5.1.1.tgz",
          "integrity": "sha512-yMyaX9EDWCiyv7m85/K8L7bLFj1wrLdfDkKcZEZ6gNmepSW5mfSMFJnYwRINN7lF58wvevKPWvw0MYy6sxcFlQ==",
          "dev": true
        }
      }
    },
    "before-after-hook": {
      "version": "2.1.1",
      "resolved": "https://registry.npmjs.org/before-after-hook/-/before-after-hook-2.1.1.tgz",
      "integrity": "sha512-5ekuQOvO04MDj7kYZJaMab2S8SPjGJbotVNyv7QYFCOAwrGZs/YnoDNlh1U+m5hl7H2D/+n0taaAV/tfyd3KMA==",
      "dev": true
    },
    "bottleneck": {
      "version": "2.19.5",
      "resolved": "https://registry.npmjs.org/bottleneck/-/bottleneck-2.19.5.tgz",
      "integrity": "sha512-VHiNCbI1lKdl44tGrhNfU3lup0Tj/ZBMJB5/2ZbNXRCPuRCO7ed2mgcK4r17y+KB2EfuYuRaVlwNbAeaWGSpbw==",
      "dev": true
    },
    "deprecation": {
      "version": "2.3.1",
      "resolved": "https://registry.npmjs.org/deprecation/-/deprecation-2.3.1.tgz",
      "integrity": "sha512-xmHIy4F3scKVwMsQ4WnVaS8bHOx0DmVwRywosKhaILI0ywMDWPtBSku2HNxRvF7jtwDRsoEwYQSfbxj8b7RlJQ==",
      "dev": true
    },
    "is-plain-object": {
      "version": "5.0.0",
      "resolved": "https://registry.npmjs.org/is-plain-object/-/is-plain-object-5.0.0.tgz",
      "integrity": "sha512-VRSzKkbMm5jMDoKLbltAkFQ5Qr7VDiTFGXxYFXXowVj387GeGNOCsOH6Msy00SGZ3Fp84b1Naa1psqgcCIEP5Q==",
      "dev": true
    },
    "node-fetch": {
      "version": "2.6.1",
      "resolved": "https://registry.npmjs.org/node-fetch/-/node-fetch-2.6.1.tgz",
      "integrity": "sha512-V4aYg89jEoVRxRb2fJdAg8FHvI7cEyYdVAh94HH0UIK8oJxUfkjlDQN9RbMx+bEjP7+ggMiFRprSti032Oipxw==",
      "dev": true
    },
    "once": {
      "version": "1.4.0",
      "resolved": "https://registry.npmjs.org/once/-/once-1.4.0.tgz",
      "integrity": "sha1-WDsap3WWHUsROsF9nFC6753Xa9E=",
      "dev": true,
      "requires": {
        "wrappy": "1"
      }
    },
    "quick-format-unescaped": {
      "version": "4.0.1",
      "resolved": "https://registry.npmjs.org/quick-format-unescaped/-/quick-format-unescaped-4.0.1.tgz",
      "integrity": "sha512-RyYpQ6Q5/drsJyOhrWHYMWTedvjTIat+FTwv0K4yoUxzvekw2aRHMQJLlnvt8UantkZg2++bEzD9EdxXqkWf4A==",
      "dev": true
    },
    "universal-user-agent": {
      "version": "6.0.0",
      "resolved": "https://registry.npmjs.org/universal-user-agent/-/universal-user-agent-6.0.0.tgz",
      "integrity": "sha512-isyNax3wXoKaulPDZWHQqbmIx1k2tb9fb3GGDBRxCscfYV2Ch7WxPArBsFEG8s/safwXTT7H4QGhaIkTp9447w==",
      "dev": true
    },
    "wrappy": {
      "version": "1.0.2",
      "resolved": "https://registry.npmjs.org/wrappy/-/wrappy-1.0.2.tgz",
      "integrity": "sha1-tSQ9jz7BqjXxNkYFvA0QNuMKtp8=",
      "dev": true
    }
  }
}
